
Microsoft Visual Studio Solution File, Format Version 12.00
# Visual Studio 2012
Project("{FAE04EC0-301F-11D3-BF4B-00C04F79EFBC}") = "StrategyPattern", "StrategyPattern\StrategyPattern.csproj", "{BC57B70E-9249-467F-8CB7-51EBAC1AE0DB}"
EndProject
Project("{FAE04EC0-301F-11D3-BF4B-00C04F79EFBC}") = "AbstractFactoryPattern", "FactoryPattern\AbstractFactoryPattern.csproj", "{E228EE49-F750-4EFA-839C-767945664772}"
EndProject
Project("{2150E333-8FDC-42A3-9474-1A3956D46DE8}") = "Lab", "Lab", "{0968FABF-109C-4E0F-A0C9-08BCC494B065}"
EndProject
Project("{FAE04EC0-301F-11D3-BF4B-00C04F79EFBC}") = "ConsoleApplication", "ConsoleApplication\ConsoleApplication.csproj", "{010121D4-CC9F-4700-9D82-F99261D02817}"
EndProject
Project("{FAE04EC0-301F-11D3-BF4B-00C04F79EFBC}") = "FactoryMethodExample", "FactoryMethodExample\FactoryMethodExample.csproj", "{9B3DC285-0E42-4144-8BA0-46372AAE396A}"
EndProject
Global
	GlobalSection(SolutionConfigurationPlatforms) = preSolution
		Debug|Any CPU = Debug|Any CPU
		Release|Any CPU = Release|Any CPU
	EndGlobalSection
	GlobalSection(ProjectConfigurationPlatforms) = postSolution
		{BC57B70E-9249-467F-8CB7-51EBAC1AE0DB}.Debug|Any CPU.ActiveCfg = Debug|Any CPU
		{BC57B70E-9249-467F-8CB7-51EBAC1AE0DB}.Debug|Any CPU.Build.0 = Debug|Any CPU
		{BC57B70E-9249-467F-8CB7-51EBAC1AE0DB}.Release|Any CPU.ActiveCfg = Release|Any CPU
		{BC57B70E-9249-467F-8CB7-51EBAC1AE0DB}.Release|Any CPU.Build.0 = Release|Any CPU
		{E228EE49-F750-4EFA-839C-767945664772}.Debug|Any CPU.ActiveCfg = Debug|Any CPU
		{E228EE49-F750-4EFA-839C-767945664772}.Debug|Any CPU.Build.0 = Debug|Any CPU
		{E228EE49-F750-4EFA-839C-767945664772}.Release|Any CPU.ActiveCfg = Release|Any CPU
		{E228EE49-F750-4EFA-839C-767945664772}.Release|Any CPU.Build.0 = Release|Any CPU
		{010121D4-CC9F-4700-9D82-F99261D02817}.Debug|Any CPU.ActiveCfg = Debug|Any CPU
		{010121D4-CC9F-4700-9D82-F99261D02817}.Debug|Any CPU.Build.0 = Debug|Any CPU
		{010121D4-CC9F-4700-9D82-F99261D02817}.Release|Any CPU.ActiveCfg = Release|Any CPU
		{010121D4-CC9F-4700-9D82-F99261D02817}.Release|Any CPU.Build.0 = Release|Any CPU
		{9B3DC285-0E42-4144-8BA0-46372AAE396A}.Debug|Any CPU.ActiveCfg = Debug|Any CPU
		{9B3DC285-0E42-4144-8BA0-46372AAE396A}.Debug|Any CPU.Build.0 = Debug|Any CPU
		{9B3DC285-0E42-4144-8BA0-46372AAE396A}.Release|Any CPU.ActiveCfg = Release|Any CPU
		{9B3DC285-0E42-4144-8BA0-46372AAE396A}.Release|Any CPU.Build.0 = Release|Any CPU
	EndGlobalSection
	GlobalSection(SolutionProperties) = preSolution
		HideSolutionNode = FALSE
	EndGlobalSection
	GlobalSection(NestedProjects) = preSolution
		{010121D4-CC9F-4700-9D82-F99261D02817} = {0968FABF-109C-4E0F-A0C9-08BCC494B065}
	EndGlobalSection
EndGlobal
